
Microsoft Visual Studio Solution File, Format Version 12.00
# Visual Studio Version 16
VisualStudioVersion = 16.0.29306.81
MinimumVisualStudioVersion = 10.0.40219.1
Project("{FAE04EC0-301F-11D3-BF4B-00C04F79EFBC}") = "ElevenNote.WebMVC", "ElevenNote.WebMVC\ElevenNote.WebMVC.csproj", "{7504BDD9-39B2-4E27-BE9D-C62C08161448}"
EndProject
Global
	GlobalSection(SolutionConfigurationPlatforms) = preSolution
		Debug|Any CPU = Debug|Any CPU
		Release|Any CPU = Release|Any CPU
	EndGlobalSection
	GlobalSection(ProjectConfigurationPlatforms) = postSolution
		{7504BDD9-39B2-4E27-BE9D-C62C08161448}.Debug|Any CPU.ActiveCfg = Debug|Any CPU
		{7504BDD9-39B2-4E27-BE9D-C62C08161448}.Debug|Any CPU.Build.0 = Debug|Any CPU
		{7504BDD9-39B2-4E27-BE9D-C62C08161448}.Release|Any CPU.ActiveCfg = Release|Any CPU
		{7504BDD9-39B2-4E27-BE9D-C62C08161448}.Release|Any CPU.Build.0 = Release|Any CPU
	EndGlobalSection
	GlobalSection(SolutionProperties) = preSolution
		HideSolutionNode = FALSE
	EndGlobalSection
	GlobalSection(ExtensibilityGlobals) = postSolution
		SolutionGuid = {D1E85543-F25D-4E4D-9F4F-98A0DBE4CFF3}
	EndGlobalSection
EndGlobal
